
Microsoft Visual Studio Solution File, Format Version 12.00
# Visual Studio Version 17
VisualStudioVersion = 17.0.31903.59
MinimumVisualStudioVersion = 10.0.40219.1
Project("{FAE04EC0-301F-11D3-BF4B-00C04F79EFBC}") = "SportsStore", "SportsStore\SportsStore.csproj", "{DFC10C09-3146-40E7-BC9F-5324AA6308B9}"
EndProject
Project("{FAE04EC0-301F-11D3-BF4B-00C04F79EFBC}") = "SportsStore.Tests", "SportsStore.Tests\SportsStore.Tests.csproj", "{D3150A6F-6759-466D-BED8-9EEC22BD02F6}"
EndProject
Global
	GlobalSection(SolutionConfigurationPlatforms) = preSolution
		Debug|Any CPU = Debug|Any CPU
		Release|Any CPU = Release|Any CPU
	EndGlobalSection
	GlobalSection(SolutionProperties) = preSolution
		HideSolutionNode = FALSE
	EndGlobalSection
	GlobalSection(ProjectConfigurationPlatforms) = postSolution
		{DFC10C09-3146-40E7-BC9F-5324AA6308B9}.Debug|Any CPU.ActiveCfg = Debug|Any CPU
		{DFC10C09-3146-40E7-BC9F-5324AA6308B9}.Debug|Any CPU.Build.0 = Debug|Any CPU
		{DFC10C09-3146-40E7-BC9F-5324AA6308B9}.Release|Any CPU.ActiveCfg = Release|Any CPU
		{DFC10C09-3146-40E7-BC9F-5324AA6308B9}.Release|Any CPU.Build.0 = Release|Any CPU
		{D3150A6F-6759-466D-BED8-9EEC22BD02F6}.Debug|Any CPU.ActiveCfg = Debug|Any CPU
		{D3150A6F-6759-466D-BED8-9EEC22BD02F6}.Debug|Any CPU.Build.0 = Debug|Any CPU
		{D3150A6F-6759-466D-BED8-9EEC22BD02F6}.Release|Any CPU.ActiveCfg = Release|Any CPU
		{D3150A6F-6759-466D-BED8-9EEC22BD02F6}.Release|Any CPU.Build.0 = Release|Any CPU
	EndGlobalSection
EndGlobal
